// !$*UTF8*$!
{
	archiveVersion = 1;
	classes = {
	};
	objectVersion = 46;
	objects = {

/* Begin PBXBuildFile section */
		372DA1391F22D2CF0080DB4F /* ColorDetailViewController.swift in Sources */ = {isa = PBXBuildFile; fileRef = 372DA1381F22D2CF0080DB4F /* ColorDetailViewController.swift */; };
		372DA13B1F22D3BE0080DB4F /* Color.swift in Sources */ = {isa = PBXBuildFile; fileRef = 372DA13A1F22D3BE0080DB4F /* Color.swift */; };
		37E51AC31F199A9E001CF0BA /* AppDelegate.swift in Sources */ = {isa = PBXBuildFile; fileRef = 37E51AC21F199A9E001CF0BA /* AppDelegate.swift */; };
		37E51AC81F199A9E001CF0BA /* Main.storyboard in Resources */ = {isa = PBXBuildFile; fileRef = 37E51AC61F199A9E001CF0BA /* Main.storyboard */; };
		37E51ACA1F199A9E001CF0BA /* Assets.xcassets in Resources */ = {isa = PBXBuildFile; fileRef = 37E51AC91F199A9E001CF0BA /* Assets.xcassets */; };
		37E51ACD1F199A9E001CF0BA /* LaunchScreen.storyboard in Resources */ = {isa = PBXBuildFile; fileRef = 37E51ACB1F199A9E001CF0BA /* LaunchScreen.storyboard */; };
		37E51AD51F199C24001CF0BA /* ColorsViewController.swift in Sources */ = {isa = PBXBuildFile; fileRef = 37E51AD41F199C24001CF0BA /* ColorsViewController.swift */; };
/* End PBXBuildFile section */

/* Begin PBXFileReference section */
		372DA1381F22D2CF0080DB4F /* ColorDetailViewController.swift */ = {isa = PBXFileReference; fileEncoding = 4; lastKnownFileType = sourcecode.swift; path = ColorDetailViewController.swift; sourceTree = "<group>"; };
		372DA13A1F22D3BE0080DB4F /* Color.swift */ = {isa = PBXFileReference; fileEncoding = 4; lastKnownFileType = sourcecode.swift; path = Color.swift; sourceTree = "<group>"; };
		37E51ABF1F199A9E001CF0BA /* Colors.app */ = {isa = PBXFileReference; explicitFileType = wrapper.application; includeInIndex = 0; path = Colors.app; sourceTree = BUILT_PRODUCTS_DIR; };
		37E51AC21F199A9E001CF0BA /* AppDelegate.swift */ = {isa = PBXFileReference; lastKnownFileType = sourcecode.swift; path = AppDelegate.swift; sourceTree = "<group>"; };
		37E51AC71F199A9E001CF0BA /* Base */ = {isa = PBXFileReference; lastKnownFileType = file.storyboard; name = Base; path = Base.lproj/Main.storyboard; sourceTree = "<group>"; };
		37E51AC91F199A9E001CF0BA /* Assets.xcassets */ = {isa = PBXFileReference; lastKnownFileType = folder.assetcatalog; path = Assets.xcassets; sourceTree = "<group>"; };
		37E51ACC1F199A9E001CF0BA /* Base */ = {isa = PBXFileReference; lastKnownFileType = file.storyboard; name = Base; path = Base.lproj/LaunchScreen.storyboard; sourceTree = "<group>"; };
		37E51ACE1F199A9E001CF0BA /* Info.plist */ = {isa = PBXFileReference; lastKnownFileType = text.plist.xml; path = Info.plist; sourceTree = "<group>"; };
		37E51AD41F199C24001CF0BA /* ColorsViewController.swift */ = {isa = PBXFileReference; fileEncoding = 4; lastKnownFileType = sourcecode.swift; path = ColorsViewController.swift; sourceTree = "<group>"; };
/* End PBXFileReference section */

/* Begin PBXFrameworksBuildPhase section */
		37E51ABC1F199A9E001CF0BA /* Frameworks */ = {
			isa = PBXFrameworksBuildPhase;
			buildActionMask = 2147483647;
			files = (
			);
			runOnlyForDeploymentPostprocessing = 0;
		};
/* End PBXFrameworksBuildPhase section */

/* Begin PBXGroup section */
		37E51AB61F199A9E001CF0BA = {
			isa = PBXGroup;
			children = (
				37E51AC11F199A9E001CF0BA /* Colors */,
				37E51AC01F199A9E001CF0BA /* Products */,
			);
			sourceTree = "<group>";
		};
		37E51AC01F199A9E001CF0BA /* Products */ = {
			isa = PBXGroup;
			children = (
				37E51ABF1F199A9E001CF0BA /* Colors.app */,
			);
			name = Products;
			sourceTree = "<group>";
		};
		37E51AC11F199A9E001CF0BA /* Colors */ = {
			isa = PBXGroup;
			children = (
				37E51AC21F199A9E001CF0BA /* AppDelegate.swift */,
				37E51AC61F199A9E001CF0BA /* Main.storyboard */,
				37E51AC91F199A9E001CF0BA /* Assets.xcassets */,
				37E51ACB1F199A9E001CF0BA /* LaunchScreen.storyboard */,
				37E51ACE1F199A9E001CF0BA /* Info.plist */,
				37E51AD41F199C24001CF0BA /* ColorsViewController.swift */,
				372DA1381F22D2CF0080DB4F /* ColorDetailViewController.swift */,
				372DA13A1F22D3BE0080DB4F /* Color.swift */,
			);
			path = Colors;
			sourceTree = "<group>";
		};
/* End PBXGroup section */

/* Begin PBXNativeTarget section */
		37E51ABE1F199A9E001CF0BA /* Colors */ = {
			isa = PBXNativeTarget;
			buildConfigurationList = 37E51AD11F199A9E001CF0BA /* Build configuration list for PBXNativeTarget "Colors" */;
			buildPhases = (
				37E51ABB1F199A9E001CF0BA /* Sources */,
				37E51ABC1F199A9E001CF0BA /* Frameworks */,
				37E51ABD1F199A9E001CF0BA /* Resources */,
			);
			buildRules = (
			);
			dependencies = (
			);
			name = Colors;
			productName = Colors;
			productReference = 37E51ABF1F199A9E001CF0BA /* Colors.app */;
			productType = "com.apple.product-type.application";
		};
/* End PBXNativeTarget section */

/* Begin PBXProject section */
		37E51AB71F199A9E001CF0BA /* Project object */ = {
			isa = PBXProject;
			attributes = {
				LastSwiftUpdateCheck = 0830;
				LastUpgradeCheck = 0830;
				ORGANIZATIONNAME = "Shaowei Zhou";
				TargetAttributes = {
					37E51ABE1F199A9E001CF0BA = {
						CreatedOnToolsVersion = 8.3.1;
						DevelopmentTeam = 5ANFD2472E;
						ProvisioningStyle = Automatic;
					};
				};
			};
			buildConfigurationList = 37E51ABA1F199A9E001CF0BA /* Build configuration list for PBXProject "Colors" */;
			compatibilityVersion = "Xcode 3.2";
			developmentRegion = English;
			hasScannedForEncodings = 0;
			knownRegions = (
				en,
				Base,
			);
			mainGroup = 37E51AB61F199A9E001CF0BA;
			productRefGroup = 37E51AC01F199A9E001CF0BA /* Products */;
			projectDirPath = "";
			projectRoot = "";
			targets = (
				37E51ABE1F199A9E001CF0BA /* Colors */,
			);
		};
/* End PBXProject section */

/* Begin PBXResourcesBuildPhase section */
		37E51ABD1F199A9E001CF0BA /* Resources */ = {
			isa = PBXResourcesBuildPhase;
			buildActionMask = 2147483647;
			files = (
				37E51ACD1F199A9E001CF0BA /* LaunchScreen.storyboard in Resources */,
				37E51ACA1F199A9E001CF0BA /* Assets.xcassets in Resources */,
				37E51AC81F199A9E001CF0BA /* Main.storyboard in Resources */,
			);
			runOnlyForDeploymentPostprocessing = 0;
		};
/* End PBXResourcesBuildPhase section */

/* Begin PBXSourcesBuildPhase section */
		37E51ABB1F199A9E001CF0BA /* Sources */ = {
			isa = PBXSourcesBuildPhase;
			buildActionMask = 2147483647;
			files = (
				372DA1391F22D2CF0080DB4F /* ColorDetailViewController.swift in Sources */,
				372DA13B1F22D3BE0080DB4F /* Color.swift in Sources */,
				37E51AD51F199C24001CF0BA /* ColorsViewController.swift in Sources */,
				37E51AC31F199A9E001CF0BA /* AppDelegate.swift in Sources */,
			);
			runOnlyForDeploymentPostprocessing = 0;
		};
/* End PBXSourcesBuildPhase section */

/* Begin PBXVariantGroup section */
		37E51AC61F199A9E001CF0BA /* Main.storyboard */ = {
			isa = PBXVariantGroup;
			children = (
				37E51AC71F199A9E001CF0BA /* Base */,
			);
			name = Main.storyboard;
			sourceTree = "<group>";
		};
		37E51ACB1F199A9E001CF0BA /* LaunchScreen.storyboard */ = {
			isa = PBXVariantGroup;
			children = (
				37E51ACC1F199A9E001CF0BA /* Base */,
			);
			name = LaunchScreen.storyboard;
			sourceTree = "<group>";
		};
/* End PBXVariantGroup section */

/* Begin XCBuildConfiguration section */
		37E51ACF1F199A9E001CF0BA /* Debug */ = {
			isa = XCBuildConfiguration;
			buildSettings = {
				ALWAYS_SEARCH_USER_PATHS = NO;
				CLANG_ANALYZER_NONNULL = YES;
				CLANG_ANALYZER_NUMBER_OBJECT_CONVERSION = YES_AGGRESSIVE;
				CLANG_CXX_LANGUAGE_STANDARD = "gnu++0x";
				CLANG_CXX_LIBRARY = "libc++";
				CLANG_ENABLE_MODULES = YES;
				CLANG_ENABLE_OBJC_ARC = YES;
				CLANG_WARN_BOOL_CONVERSION = YES;
				CLANG_WARN_CONSTANT_CONVERSION = YES;
				CLANG_WARN_DIRECT_OBJC_ISA_USAGE = YES_ERROR;
				CLANG_WARN_DOCUMENTATION_COMMENTS = YES;
				CLANG_WARN_EMPTY_BODY = YES;
				CLANG_WARN_ENUM_CONVERSION = YES;
				CLANG_WARN_INFINITE_RECURSION = YES;
				CLANG_WARN_INT_CONVERSION = YES;
				CLANG_WARN_OBJC_ROOT_CLASS = YES_ERROR;
				CLANG_WARN_SUSPICIOUS_MOVE = YES;
				CLANG_WARN_UNREACHABLE_CODE = YES;
				CLANG_WARN__DUPLICATE_METHOD_MATCH = YES;
				"CODE_SIGN_IDENTITY[sdk=iphoneos*]" = "iPhone Developer";
				COPY_PHASE_STRIP = NO;
				DEBUG_INFORMATION_FORMAT = dwarf;
				ENABLE_STRICT_OBJC_MSGSEND = YES;
				ENABLE_TESTABILITY = YES;
				GCC_C_LANGUAGE_STANDARD = gnu99;
				GCC_DYNAMIC_NO_PIC = NO;
				GCC_NO_COMMON_BLOCKS = YES;
				GCC_OPTIMIZATION_LEVEL = 0;
				GCC_PREPROCESSOR_DEFINITIONS = (
					"DEBUG=1",
					"$(inherited)",
				);
				GCC_WARN_64_TO_32_BIT_CONVERSION = YES;
				GCC_WARN_ABOUT_RETURN_TYPE = YES_ERROR;
				GCC_WARN_UNDECLARED_SELECTOR = YES;
				GCC_WARN_UNINITIALIZED_AUTOS = YES_AGGRESSIVE;
				GCC_WARN_UNUSED_FUNCTION = YES;
				GCC_WARN_UNUSED_VARIABLE = YES;
				IPHONEOS_DEPLOYMENT_TARGET = 10.3;
				MTL_ENABLE_DEBUG_INFO = YES;
				ONLY_ACTIVE_ARCH = YES;
				SDKROOT = iphoneos;
				SWIFT_ACTIVE_COMPILATION_CONDITIONS = DEBUG;
				SWIFT_OPTIMIZATION_LEVEL = "-Onone";
				TARGETED_DEVICE_FAMILY = "1,2";
			};
			name = Debug;
		};
		37E51AD01F199A9E001CF0BA /* Release */ = {
			isa = XCBuildConfiguration;
			buildSettings = {
				ALWAYS_SEARCH_USER_PATHS = NO;
				CLANG_ANALYZER_NONNULL = YES;
				CLANG_ANALYZER_NUMBER_OBJECT_CONVERSION = YES_AGGRESSIVE;
				CLANG_CXX_LANGUAGE_STANDARD = "gnu++0x";
				CLANG_CXX_LIBRARY = "libc++";
				CLANG_ENABLE_MODULES = YES;
				CLANG_ENABLE_OBJC_ARC = YES;
				CLANG_WARN_BOOL_CONVERSION = YES;
				CLANG_WARN_CONSTANT_CONVERSION = YES;
				CLANG_WARN_DIRECT_OBJC_ISA_USAGE = YES_ERROR;
				CLANG_WARN_DOCUMENTATION_COMMENTS = YES;
				CLANG_WARN_EMPTY_BODY = YES;
				CLANG_WARN_ENUM_CONVERSION = YES;
				CLANG_WARN_INFINITE_RECURSION = YES;
				CLANG_WARN_INT_CONVERSION = YES;
				CLANG_WARN_OBJC_ROOT_CLASS = YES_ERROR;
				CLANG_WARN_SUSPICIOUS_MOVE = YES;
				CLANG_WARN_UNREACHABLE_CODE = YES;
				CLANG_WARN__DUPLICATE_METHOD_MATCH = YES;
				"CODE_SIGN_IDENTITY[sdk=iphoneos*]" = "iPhone Developer";
				COPY_PHASE_STRIP = NO;
				DEBUG_INFORMATION_FORMAT = "dwarf-with-dsym";
				ENABLE_NS_ASSERTIONS = NO;
				ENABLE_STRICT_OBJC_MSGSEND = YES;
				GCC_C_LANGUAGE_STANDARD = gnu99;
				GCC_NO_COMMON_BLOCKS = YES;
				GCC_WARN_64_TO_32_BIT_CONVERSION = YES;
				GCC_WARN_ABOUT_RETURN_TYPE = YES_ERROR;
				GCC_WARN_UNDECLARED_SELECTOR = YES;
				GCC_WARN_UNINITIALIZED_AUTOS = YES_AGGRESSIVE;
				GCC_WARN_UNUSED_FUNCTION = YES;
				GCC_WARN_UNUSED_VARIABLE = YES;
				IPHONEOS_DEPLOYMENT_TARGET = 10.3;
				MTL_ENABLE_DEBUG_INFO = NO;
				SDKROOT = iphoneos;
				SWIFT_OPTIMIZATION_LEVEL = "-Owholemodule";
				TARGETED_DEVICE_FAMILY = "1,2";
				VALIDATE_PRODUCT = YES;
			};
			name = Release;
		};
		37E51AD21F199A9E001CF0BA /* Debug */ = {
			isa = XCBuildConfiguration;
			buildSettings = {
				ASSETCATALOG_COMPILER_APPICON_NAME = AppIcon;
				DEVELOPMENT_TEAM = 5ANFD2472E;
				INFOPLIST_FILE = Colors/Info.plist;
				LD_RUNPATH_SEARCH_PATHS = "$(inherited) @executable_path/Frameworks";
				PRODUCT_BUNDLE_IDENTIFIER = edu.missouri.Colors;
				PRODUCT_NAME = "$(TARGET_NAME)";
				SWIFT_VERSION = 3.0;
			};
			name = Debug;
		};
		37E51AD31F199A9E001CF0BA /* Release */ = {
			isa = XCBuildConfiguration;
			buildSettings = {
				ASSETCATALOG_COMPILER_APPICON_NAME = AppIcon;
				DEVELOPMENT_TEAM = 5ANFD2472E;
				INFOPLIST_FILE = Colors/Info.plist;
				LD_RUNPATH_SEARCH_PATHS = "$(inherited) @executable_path/Frameworks";
				PRODUCT_BUNDLE_IDENTIFIER = edu.missouri.Colors;
				PRODUCT_NAME = "$(TARGET_NAME)";
				SWIFT_VERSION = 3.0;
			};
			name = Release;
		};
/* End XCBuildConfiguration section */

/* Begin XCConfigurationList section */
		37E51ABA1F199A9E001CF0BA /* Build configuration list for PBXProject "Colors" */ = {
			isa = XCConfigurationList;
			buildConfigurations = (
				37E51ACF1F199A9E001CF0BA /* Debug */,
				37E51AD01F199A9E001CF0BA /* Release */,
			);
			defaultConfigurationIsVisible = 0;
			defaultConfigurationName = Release;
		};
		37E51AD11F199A9E001CF0BA /* Build configuration list for PBXNativeTarget "Colors" */ = {
			isa = XCConfigurationList;
			buildConfigurations = (
				37E51AD21F199A9E001CF0BA /* Debug */,
				37E51AD31F199A9E001CF0BA /* Release */,
			);
			defaultConfigurationIsVisible = 0;
			defaultConfigurationName = Release;
		};
/* End XCConfigurationList section */
	};
	rootObject = 37E51AB71F199A9E001CF0BA /* Project object */;
}
